{
  "name": "@2red1blue/agentsshcli",
  "version": "0.1.5",
  "lockfileVersion": 3,
  "requires": true,
  "packages": {
    "": {
      "name": "@2red1blue/agentsshcli",
      "version": "0.1.5",
      "bin": {
        "agentsshcli": "bin/agentsshcli.js"
      },
      "engines": {
        "node": ">=18",
        "npm": ">=8"
      },
      "optionalDependencies": {
        "@2red1blue/agentsshcli-darwin-arm64": "0.1.5",
        "@2red1blue/agentsshcli-darwin-x64": "0.1.5",
        "@2red1blue/agentsshcli-linux-arm64": "0.1.5",
        "@2red1blue/agentsshcli-linux-x64": "0.1.5",
        "@2red1blue/agentsshcli-win32-x64": "0.1.5"
      }
    }
  }
}
